
Microsoft Visual Studio Solution File, Format Version 12.00
# Visual Studio 15
VisualStudioVersion = 15.0.27130.2036
MinimumVisualStudioVersion = 10.0.40219.1
Project("{FAE04EC0-301F-11D3-BF4B-00C04F79EFBC}") = "OSS.Common.Tests", "OSS.Common.Tests\OSS.Common.Tests.csproj", "{57F08330-95BD-4FBA-8AD0-68DDA6765987}"
EndProject
Project("{2150E333-8FDC-42A3-9474-1A3956D46DE8}") = "Solution Items", "Solution Items", "{23178D73-E01B-4D4C-BA6F-6B692D6FF28D}"
	ProjectSection(SolutionItems) = preProject
		README.md = README.md
	EndProjectSection
EndProject
Project("{9A19103F-16F7-4668-BE54-9A1E7A4F7556}") = "OSS.Common", "OSS.Common\OSS.Common.csproj", "{BA733731-2996-4DAF-B7BC-F699B465DB72}"
EndProject
Global
	GlobalSection(SolutionConfigurationPlatforms) = preSolution
		Debug|Any CPU = Debug|Any CPU
		Debug|x64 = Debug|x64
		Debug|x86 = Debug|x86
		Release|Any CPU = Release|Any CPU
		Release|x64 = Release|x64
		Release|x86 = Release|x86
	EndGlobalSection
	GlobalSection(ProjectConfigurationPlatforms) = postSolution
		{57F08330-95BD-4FBA-8AD0-68DDA6765987}.Debug|Any CPU.ActiveCfg = Debug|Any CPU
		{57F08330-95BD-4FBA-8AD0-68DDA6765987}.Debug|Any CPU.Build.0 = Debug|Any CPU
		{57F08330-95BD-4FBA-8AD0-68DDA6765987}.Debug|x64.ActiveCfg = Debug|Any CPU
		{57F08330-95BD-4FBA-8AD0-68DDA6765987}.Debug|x64.Build.0 = Debug|Any CPU
		{57F08330-95BD-4FBA-8AD0-68DDA6765987}.Debug|x86.ActiveCfg = Debug|Any CPU
		{57F08330-95BD-4FBA-8AD0-68DDA6765987}.Debug|x86.Build.0 = Debug|Any CPU
		{57F08330-95BD-4FBA-8AD0-68DDA6765987}.Release|Any CPU.ActiveCfg = Release|Any CPU
		{57F08330-95BD-4FBA-8AD0-68DDA6765987}.Release|Any CPU.Build.0 = Release|Any CPU
		{57F08330-95BD-4FBA-8AD0-68DDA6765987}.Release|x64.ActiveCfg = Release|Any CPU
		{57F08330-95BD-4FBA-8AD0-68DDA6765987}.Release|x64.Build.0 = Release|Any CPU
		{57F08330-95BD-4FBA-8AD0-68DDA6765987}.Release|x86.ActiveCfg = Release|Any CPU
		{57F08330-95BD-4FBA-8AD0-68DDA6765987}.Release|x86.Build.0 = Release|Any CPU
		{BA733731-2996-4DAF-B7BC-F699B465DB72}.Debug|Any CPU.ActiveCfg = Release|Any CPU
		{BA733731-2996-4DAF-B7BC-F699B465DB72}.Debug|Any CPU.Build.0 = Release|Any CPU
		{BA733731-2996-4DAF-B7BC-F699B465DB72}.Debug|x64.ActiveCfg = Debug|Any CPU
		{BA733731-2996-4DAF-B7BC-F699B465DB72}.Debug|x64.Build.0 = Debug|Any CPU
		{BA733731-2996-4DAF-B7BC-F699B465DB72}.Debug|x86.ActiveCfg = Debug|Any CPU
		{BA733731-2996-4DAF-B7BC-F699B465DB72}.Debug|x86.Build.0 = Debug|Any CPU
		{BA733731-2996-4DAF-B7BC-F699B465DB72}.Release|Any CPU.ActiveCfg = Release|Any CPU
		{BA733731-2996-4DAF-B7BC-F699B465DB72}.Release|Any CPU.Build.0 = Release|Any CPU
		{BA733731-2996-4DAF-B7BC-F699B465DB72}.Release|x64.ActiveCfg = Release|Any CPU
		{BA733731-2996-4DAF-B7BC-F699B465DB72}.Release|x64.Build.0 = Release|Any CPU
		{BA733731-2996-4DAF-B7BC-F699B465DB72}.Release|x86.ActiveCfg = Release|Any CPU
		{BA733731-2996-4DAF-B7BC-F699B465DB72}.Release|x86.Build.0 = Release|Any CPU
	EndGlobalSection
	GlobalSection(SolutionProperties) = preSolution
		HideSolutionNode = FALSE
	EndGlobalSection
	GlobalSection(ExtensibilityGlobals) = postSolution
		SolutionGuid = {55F4933F-0BC0-40E1-A4DB-57A521AD166D}
	EndGlobalSection
EndGlobal
