
Microsoft Visual Studio Solution File, Format Version 12.00
# Visual Studio 15
VisualStudioVersion = 15.0.26730.10
MinimumVisualStudioVersion = 10.0.40219.1
Project("{FAE04EC0-301F-11D3-BF4B-00C04F79EFBC}") = "OSS.Common.NET46", "OSS.Common\OSS.Common.NET46.csproj", "{1B7D6819-AB3E-47FF-8911-7BE29691C859}"
EndProject
Global
	GlobalSection(SolutionConfigurationPlatforms) = preSolution
		Debug|Any CPU = Debug|Any CPU
		Release|Any CPU = Release|Any CPU
	EndGlobalSection
	GlobalSection(ProjectConfigurationPlatforms) = postSolution
		{1B7D6819-AB3E-47FF-8911-7BE29691C859}.Debug|Any CPU.ActiveCfg = Release|Any CPU
		{1B7D6819-AB3E-47FF-8911-7BE29691C859}.Debug|Any CPU.Build.0 = Release|Any CPU
		{1B7D6819-AB3E-47FF-8911-7BE29691C859}.Release|Any CPU.ActiveCfg = Release|Any CPU
		{1B7D6819-AB3E-47FF-8911-7BE29691C859}.Release|Any CPU.Build.0 = Release|Any CPU
	EndGlobalSection
	GlobalSection(SolutionProperties) = preSolution
		HideSolutionNode = FALSE
	EndGlobalSection
	GlobalSection(ExtensibilityGlobals) = postSolution
		SolutionGuid = {2F92F7AD-8EC0-4528-9DFB-CDA968512971}
	EndGlobalSection
EndGlobal
